// !$*UTF8*$!
{
	archiveVersion = 1;
	classes = {
	};
	objectVersion = 50;
	objects = {

/* Begin PBXBuildFile section */
		84AB124322B39E9D00063B97 /* ConditionColomn.swift in Sources */ = {isa = PBXBuildFile; fileRef = 84AB124222B39E9D00063B97 /* ConditionColomn.swift */; };
		CB6C63EA22B25DAF004366D6 /* CityList.swift in Sources */ = {isa = PBXBuildFile; fileRef = CB6C63E922B25DAF004366D6 /* CityList.swift */; };
		CB6C63EC22B25ED6004366D6 /* CityDetails.swift in Sources */ = {isa = PBXBuildFile; fileRef = CB6C63EB22B25ED6004366D6 /* CityDetails.swift */; };
		CB6C63EE22B279AD004366D6 /* Cities.json in Resources */ = {isa = PBXBuildFile; fileRef = CB6C63ED22B279AD004366D6 /* Cities.json */; };
		CB8550CC22B2492500380BF6 /* AppDelegate.swift in Sources */ = {isa = PBXBuildFile; fileRef = CB8550CB22B2492500380BF6 /* AppDelegate.swift */; };
		CB8550CE22B2492500380BF6 /* SceneDelegate.swift in Sources */ = {isa = PBXBuildFile; fileRef = CB8550CD22B2492500380BF6 /* SceneDelegate.swift */; };
		CB8550D222B2492700380BF6 /* Assets.xcassets in Resources */ = {isa = PBXBuildFile; fileRef = CB8550D122B2492700380BF6 /* Assets.xcassets */; };
		CB8550D522B2492700380BF6 /* Preview Assets.xcassets in Resources */ = {isa = PBXBuildFile; fileRef = CB8550D422B2492700380BF6 /* Preview Assets.xcassets */; };
		CB8550D822B2492700380BF6 /* LaunchScreen.storyboard in Resources */ = {isa = PBXBuildFile; fileRef = CB8550D622B2492700380BF6 /* LaunchScreen.storyboard */; };
		CB8550E022B2496000380BF6 /* City.swift in Sources */ = {isa = PBXBuildFile; fileRef = CB8550DF22B2496000380BF6 /* City.swift */; };
		CB8550E322B2498700380BF6 /* Temperature.swift in Sources */ = {isa = PBXBuildFile; fileRef = CB8550E222B2498700380BF6 /* Temperature.swift */; };
		CB8550E522B249FB00380BF6 /* Condition.swift in Sources */ = {isa = PBXBuildFile; fileRef = CB8550E422B249FB00380BF6 /* Condition.swift */; };
		CB8550E722B24CF300380BF6 /* CityRow.swift in Sources */ = {isa = PBXBuildFile; fileRef = CB8550E622B24CF300380BF6 /* CityRow.swift */; };
		CB8550EA22B24FE000380BF6 /* Cities.swift in Sources */ = {isa = PBXBuildFile; fileRef = CB8550E922B24FE000380BF6 /* Cities.swift */; };
		CBFA799822B2A921009823FB /* Images.xcassets in Resources */ = {isa = PBXBuildFile; fileRef = CBFA799722B2A921009823FB /* Images.xcassets */; };
/* End PBXBuildFile section */

/* Begin PBXContainerItemProxy section */
		84AB123F22B396E500063B97 /* PBXContainerItemProxy */ = {
			isa = PBXContainerItemProxy;
			containerPortal = CB8550C022B2492500380BF6 /* Project object */;
			proxyType = 1;
			remoteGlobalIDString = 84AB123322B3966900063B97;
			remoteInfo = AkvelonWeatherMac;
		};
/* End PBXContainerItemProxy section */

/* Begin PBXCopyFilesBuildPhase section */
		84AB124122B396E500063B97 /* Embed PlugIns */ = {
			isa = PBXCopyFilesBuildPhase;
			buildActionMask = 2147483647;
			dstPath = "";
			dstSubfolderSpec = 13;
			files = (
			);
			name = "Embed PlugIns";
			runOnlyForDeploymentPostprocessing = 0;
		};
/* End PBXCopyFilesBuildPhase section */

/* Begin PBXFileReference section */
		84AB123622B3966900063B97 /* Info.plist */ = {isa = PBXFileReference; lastKnownFileType = text.plist.xml; path = Info.plist; sourceTree = "<group>"; };
		84AB124222B39E9D00063B97 /* ConditionColomn.swift */ = {isa = PBXFileReference; lastKnownFileType = sourcecode.swift; name = ConditionColomn.swift; path = AkvelonWeather/Models/ConditionColomn.swift; sourceTree = SOURCE_ROOT; };
		CB4C14FE22B3057A007B795A /* AkvelonWeather.entitlements */ = {isa = PBXFileReference; lastKnownFileType = text.plist.entitlements; path = AkvelonWeather.entitlements; sourceTree = "<group>"; };
		CB4C150022B307B1007B795A /* AppKit.framework */ = {isa = PBXFileReference; lastKnownFileType = wrapper.framework; name = AppKit.framework; path = Platforms/MacOSX.platform/Developer/SDKs/MacOSX10.15.sdk/System/Library/Frameworks/AppKit.framework; sourceTree = DEVELOPER_DIR; };
		CB6C63E922B25DAF004366D6 /* CityList.swift */ = {isa = PBXFileReference; lastKnownFileType = sourcecode.swift; path = CityList.swift; sourceTree = "<group>"; };
		CB6C63EB22B25ED6004366D6 /* CityDetails.swift */ = {isa = PBXFileReference; lastKnownFileType = sourcecode.swift; path = CityDetails.swift; sourceTree = "<group>"; };
		CB6C63ED22B279AD004366D6 /* Cities.json */ = {isa = PBXFileReference; fileEncoding = 4; lastKnownFileType = text.json; path = Cities.json; sourceTree = "<group>"; };
		CB8550C822B2492500380BF6 /* AkvelonWeather.app */ = {isa = PBXFileReference; explicitFileType = wrapper.application; includeInIndex = 0; path = AkvelonWeather.app; sourceTree = BUILT_PRODUCTS_DIR; };
		CB8550CB22B2492500380BF6 /* AppDelegate.swift */ = {isa = PBXFileReference; lastKnownFileType = sourcecode.swift; path = AppDelegate.swift; sourceTree = "<group>"; };
		CB8550CD22B2492500380BF6 /* SceneDelegate.swift */ = {isa = PBXFileReference; lastKnownFileType = sourcecode.swift; path = SceneDelegate.swift; sourceTree = "<group>"; };
		CB8550D122B2492700380BF6 /* Assets.xcassets */ = {isa = PBXFileReference; lastKnownFileType = folder.assetcatalog; path = Assets.xcassets; sourceTree = "<group>"; };
		CB8550D422B2492700380BF6 /* Preview Assets.xcassets */ = {isa = PBXFileReference; lastKnownFileType = folder.assetcatalog; path = "Preview Assets.xcassets"; sourceTree = "<group>"; };
		CB8550D722B2492700380BF6 /* Base */ = {isa = PBXFileReference; lastKnownFileType = file.storyboard; name = Base; path = Base.lproj/LaunchScreen.storyboard; sourceTree = "<group>"; };
		CB8550D922B2492700380BF6 /* Info.plist */ = {isa = PBXFileReference; lastKnownFileType = text.plist.xml; path = Info.plist; sourceTree = "<group>"; };
		CB8550DF22B2496000380BF6 /* City.swift */ = {isa = PBXFileReference; lastKnownFileType = sourcecode.swift; path = City.swift; sourceTree = "<group>"; };
		CB8550E222B2498700380BF6 /* Temperature.swift */ = {isa = PBXFileReference; lastKnownFileType = sourcecode.swift; path = Temperature.swift; sourceTree = "<group>"; };
		CB8550E422B249FB00380BF6 /* Condition.swift */ = {isa = PBXFileReference; lastKnownFileType = sourcecode.swift; path = Condition.swift; sourceTree = "<group>"; };
		CB8550E622B24CF300380BF6 /* CityRow.swift */ = {isa = PBXFileReference; lastKnownFileType = sourcecode.swift; path = CityRow.swift; sourceTree = "<group>"; };
		CB8550E922B24FE000380BF6 /* Cities.swift */ = {isa = PBXFileReference; lastKnownFileType = sourcecode.swift; path = Cities.swift; sourceTree = "<group>"; };
		CBFA799722B2A921009823FB /* Images.xcassets */ = {isa = PBXFileReference; lastKnownFileType = folder.assetcatalog; path = Images.xcassets; sourceTree = "<group>"; };
/* End PBXFileReference section */

/* Begin PBXFrameworksBuildPhase section */
		CB8550C522B2492500380BF6 /* Frameworks */ = {
			isa = PBXFrameworksBuildPhase;
			buildActionMask = 2147483647;
			files = (
			);
			runOnlyForDeploymentPostprocessing = 0;
		};
/* End PBXFrameworksBuildPhase section */

/* Begin PBXGroup section */
		84AB123522B3966900063B97 /* AkvelonWeatherMac */ = {
			isa = PBXGroup;
			children = (
				84AB123622B3966900063B97 /* Info.plist */,
			);
			path = AkvelonWeatherMac;
			sourceTree = "<group>";
		};
		CB4C14FF22B307B1007B795A /* Frameworks */ = {
			isa = PBXGroup;
			children = (
				CB4C150022B307B1007B795A /* AppKit.framework */,
			);
			name = Frameworks;
			sourceTree = "<group>";
		};
		CB8550BF22B2492500380BF6 = {
			isa = PBXGroup;
			children = (
				CB8550CA22B2492500380BF6 /* AkvelonWeather */,
				84AB123522B3966900063B97 /* AkvelonWeatherMac */,
				CB8550C922B2492500380BF6 /* Products */,
				CB4C14FF22B307B1007B795A /* Frameworks */,
			);
			sourceTree = "<group>";
		};
		CB8550C922B2492500380BF6 /* Products */ = {
			isa = PBXGroup;
			children = (
				CB8550C822B2492500380BF6 /* AkvelonWeather.app */,
			);
			name = Products;
			sourceTree = "<group>";
		};
		CB8550CA22B2492500380BF6 /* AkvelonWeather */ = {
			isa = PBXGroup;
			children = (
				CB4C14FE22B3057A007B795A /* AkvelonWeather.entitlements */,
				CBFA799722B2A921009823FB /* Images.xcassets */,
				CB8550CB22B2492500380BF6 /* AppDelegate.swift */,
				CB8550CD22B2492500380BF6 /* SceneDelegate.swift */,
				CB6C63E922B25DAF004366D6 /* CityList.swift */,
				CB6C63EB22B25ED6004366D6 /* CityDetails.swift */,
				CB8550D122B2492700380BF6 /* Assets.xcassets */,
				CB8550D622B2492700380BF6 /* LaunchScreen.storyboard */,
				CB8550D922B2492700380BF6 /* Info.plist */,
				CB8550D322B2492700380BF6 /* Preview Content */,
				CB8550E122B2496400380BF6 /* Models */,
				CB8550E822B24CF700380BF6 /* Cells */,
			);
			path = AkvelonWeather;
			sourceTree = "<group>";
		};
		CB8550D322B2492700380BF6 /* Preview Content */ = {
			isa = PBXGroup;
			children = (
				CB8550D422B2492700380BF6 /* Preview Assets.xcassets */,
			);
			path = "Preview Content";
			sourceTree = "<group>";
		};
		CB8550E122B2496400380BF6 /* Models */ = {
			isa = PBXGroup;
			children = (
				CB6C63ED22B279AD004366D6 /* Cities.json */,
				CB8550DF22B2496000380BF6 /* City.swift */,
				CB8550E222B2498700380BF6 /* Temperature.swift */,
				CB8550E422B249FB00380BF6 /* Condition.swift */,
				CB8550E922B24FE000380BF6 /* Cities.swift */,
			);
			path = Models;
			sourceTree = "<group>";
		};
		CB8550E822B24CF700380BF6 /* Cells */ = {
			isa = PBXGroup;
			children = (
				CB8550E622B24CF300380BF6 /* CityRow.swift */,
				84AB124222B39E9D00063B97 /* ConditionColomn.swift */,
			);
			path = Cells;
			sourceTree = "<group>";
		};
/* End PBXGroup section */

/* Begin PBXNativeTarget section */
		CB8550C722B2492500380BF6 /* AkvelonWeather */ = {
			isa = PBXNativeTarget;
			buildConfigurationList = CB8550DC22B2492700380BF6 /* Build configuration list for PBXNativeTarget "AkvelonWeather" */;
			buildPhases = (
				CB8550C422B2492500380BF6 /* Sources */,
				CB8550C522B2492500380BF6 /* Frameworks */,
				CB8550C622B2492500380BF6 /* Resources */,
				84AB124122B396E500063B97 /* Embed PlugIns */,
			);
			buildRules = (
			);
			dependencies = (
				84AB124022B396E500063B97 /* PBXTargetDependency */,
			);
			name = AkvelonWeather;
			productName = AkvelonWeather;
			productReference = CB8550C822B2492500380BF6 /* AkvelonWeather.app */;
			productType = "com.apple.product-type.application";
		};
/* End PBXNativeTarget section */

/* Begin PBXProject section */
		CB8550C022B2492500380BF6 /* Project object */ = {
			isa = PBXProject;
			attributes = {
				LastSwiftUpdateCheck = 1100;
				LastUpgradeCheck = 1100;
				ORGANIZATIONNAME = Akvelon;
				TargetAttributes = {
					CB8550C722B2492500380BF6 = {
						CreatedOnToolsVersion = 11.0;
					};
				};
			};
			buildConfigurationList = CB8550C322B2492500380BF6 /* Build configuration list for PBXProject "AkvelonWeather" */;
			compatibilityVersion = "Xcode 9.3";
			developmentRegion = en;
			hasScannedForEncodings = 0;
			knownRegions = (
				en,
				Base,
			);
			mainGroup = CB8550BF22B2492500380BF6;
			productRefGroup = CB8550C922B2492500380BF6 /* Products */;
			projectDirPath = "";
			projectRoot = "";
			targets = (
				CB8550C722B2492500380BF6 /* AkvelonWeather */,
			);
		};
/* End PBXProject section */

/* Begin PBXResourcesBuildPhase section */
		CB8550C622B2492500380BF6 /* Resources */ = {
			isa = PBXResourcesBuildPhase;
			buildActionMask = 2147483647;
			files = (
				CB6C63EE22B279AD004366D6 /* Cities.json in Resources */,
				CBFA799822B2A921009823FB /* Images.xcassets in Resources */,
				CB8550D822B2492700380BF6 /* LaunchScreen.storyboard in Resources */,
				CB8550D522B2492700380BF6 /* Preview Assets.xcassets in Resources */,
				CB8550D222B2492700380BF6 /* Assets.xcassets in Resources */,
			);
			runOnlyForDeploymentPostprocessing = 0;
		};
/* End PBXResourcesBuildPhase section */

/* Begin PBXSourcesBuildPhase section */
		CB8550C422B2492500380BF6 /* Sources */ = {
			isa = PBXSourcesBuildPhase;
			buildActionMask = 2147483647;
			files = (
				CB8550EA22B24FE000380BF6 /* Cities.swift in Sources */,
				CB8550CC22B2492500380BF6 /* AppDelegate.swift in Sources */,
				CB8550E522B249FB00380BF6 /* Condition.swift in Sources */,
				CB6C63EC22B25ED6004366D6 /* CityDetails.swift in Sources */,
				CB8550E722B24CF300380BF6 /* CityRow.swift in Sources */,
				CB6C63EA22B25DAF004366D6 /* CityList.swift in Sources */,
				CB8550CE22B2492500380BF6 /* SceneDelegate.swift in Sources */,
				84AB124322B39E9D00063B97 /* ConditionColomn.swift in Sources */,
				CB8550E022B2496000380BF6 /* City.swift in Sources */,
				CB8550E322B2498700380BF6 /* Temperature.swift in Sources */,
			);
			runOnlyForDeploymentPostprocessing = 0;
		};
/* End PBXSourcesBuildPhase section */

/* Begin PBXTargetDependency section */
		84AB124022B396E500063B97 /* PBXTargetDependency */ = {
			isa = PBXTargetDependency;
			targetProxy = 84AB123F22B396E500063B97 /* PBXContainerItemProxy */;
		};
/* End PBXTargetDependency section */

/* Begin PBXVariantGroup section */
		CB8550D622B2492700380BF6 /* LaunchScreen.storyboard */ = {
			isa = PBXVariantGroup;
			children = (
				CB8550D722B2492700380BF6 /* Base */,
			);
			name = LaunchScreen.storyboard;
			sourceTree = "<group>";
		};
/* End PBXVariantGroup section */

/* Begin XCBuildConfiguration section */
		CB8550DA22B2492700380BF6 /* Debug */ = {
			isa = XCBuildConfiguration;
			buildSettings = {
				ALWAYS_SEARCH_USER_PATHS = NO;
				CLANG_ANALYZER_NONNULL = YES;
				CLANG_ANALYZER_NUMBER_OBJECT_CONVERSION = YES_AGGRESSIVE;
				CLANG_CXX_LANGUAGE_STANDARD = "gnu++14";
				CLANG_CXX_LIBRARY = "libc++";
				CLANG_ENABLE_MODULES = YES;
				CLANG_ENABLE_OBJC_ARC = YES;
				CLANG_ENABLE_OBJC_WEAK = YES;
				CLANG_WARN_BLOCK_CAPTURE_AUTORELEASING = YES;
				CLANG_WARN_BOOL_CONVERSION = YES;
				CLANG_WARN_COMMA = YES;
				CLANG_WARN_CONSTANT_CONVERSION = YES;
				CLANG_WARN_DEPRECATED_OBJC_IMPLEMENTATIONS = YES;
				CLANG_WARN_DIRECT_OBJC_ISA_USAGE = YES_ERROR;
				CLANG_WARN_DOCUMENTATION_COMMENTS = YES;
				CLANG_WARN_EMPTY_BODY = YES;
				CLANG_WARN_ENUM_CONVERSION = YES;
				CLANG_WARN_INFINITE_RECURSION = YES;
				CLANG_WARN_INT_CONVERSION = YES;
				CLANG_WARN_NON_LITERAL_NULL_CONVERSION = YES;
				CLANG_WARN_OBJC_IMPLICIT_RETAIN_SELF = YES;
				CLANG_WARN_OBJC_LITERAL_CONVERSION = YES;
				CLANG_WARN_OBJC_ROOT_CLASS = YES_ERROR;
				CLANG_WARN_RANGE_LOOP_ANALYSIS = YES;
				CLANG_WARN_STRICT_PROTOTYPES = YES;
				CLANG_WARN_SUSPICIOUS_MOVE = YES;
				CLANG_WARN_UNGUARDED_AVAILABILITY = YES_AGGRESSIVE;
				CLANG_WARN_UNREACHABLE_CODE = YES;
				CLANG_WARN__DUPLICATE_METHOD_MATCH = YES;
				COPY_PHASE_STRIP = NO;
				DEBUG_INFORMATION_FORMAT = dwarf;
				ENABLE_STRICT_OBJC_MSGSEND = YES;
				ENABLE_TESTABILITY = YES;
				GCC_C_LANGUAGE_STANDARD = gnu11;
				GCC_DYNAMIC_NO_PIC = NO;
				GCC_NO_COMMON_BLOCKS = YES;
				GCC_OPTIMIZATION_LEVEL = 0;
				GCC_PREPROCESSOR_DEFINITIONS = (
					"DEBUG=1",
					"$(inherited)",
				);
				GCC_WARN_64_TO_32_BIT_CONVERSION = YES;
				GCC_WARN_ABOUT_RETURN_TYPE = YES_ERROR;
				GCC_WARN_UNDECLARED_SELECTOR = YES;
				GCC_WARN_UNINITIALIZED_AUTOS = YES_AGGRESSIVE;
				GCC_WARN_UNUSED_FUNCTION = YES;
				GCC_WARN_UNUSED_VARIABLE = YES;
				IPHONEOS_DEPLOYMENT_TARGET = 13.0;
				MTL_ENABLE_DEBUG_INFO = INCLUDE_SOURCE;
				MTL_FAST_MATH = YES;
				ONLY_ACTIVE_ARCH = YES;
				SDKROOT = iphoneos;
				SWIFT_ACTIVE_COMPILATION_CONDITIONS = DEBUG;
				SWIFT_OPTIMIZATION_LEVEL = "-Onone";
			};
			name = Debug;
		};
		CB8550DB22B2492700380BF6 /* Release */ = {
			isa = XCBuildConfiguration;
			buildSettings = {
				ALWAYS_SEARCH_USER_PATHS = NO;
				CLANG_ANALYZER_NONNULL = YES;
				CLANG_ANALYZER_NUMBER_OBJECT_CONVERSION = YES_AGGRESSIVE;
				CLANG_CXX_LANGUAGE_STANDARD = "gnu++14";
				CLANG_CXX_LIBRARY = "libc++";
				CLANG_ENABLE_MODULES = YES;
				CLANG_ENABLE_OBJC_ARC = YES;
				CLANG_ENABLE_OBJC_WEAK = YES;
				CLANG_WARN_BLOCK_CAPTURE_AUTORELEASING = YES;
				CLANG_WARN_BOOL_CONVERSION = YES;
				CLANG_WARN_COMMA = YES;
				CLANG_WARN_CONSTANT_CONVERSION = YES;
				CLANG_WARN_DEPRECATED_OBJC_IMPLEMENTATIONS = YES;
				CLANG_WARN_DIRECT_OBJC_ISA_USAGE = YES_ERROR;
				CLANG_WARN_DOCUMENTATION_COMMENTS = YES;
				CLANG_WARN_EMPTY_BODY = YES;
				CLANG_WARN_ENUM_CONVERSION = YES;
				CLANG_WARN_INFINITE_RECURSION = YES;
				CLANG_WARN_INT_CONVERSION = YES;
				CLANG_WARN_NON_LITERAL_NULL_CONVERSION = YES;
				CLANG_WARN_OBJC_IMPLICIT_RETAIN_SELF = YES;
				CLANG_WARN_OBJC_LITERAL_CONVERSION = YES;
				CLANG_WARN_OBJC_ROOT_CLASS = YES_ERROR;
				CLANG_WARN_RANGE_LOOP_ANALYSIS = YES;
				CLANG_WARN_STRICT_PROTOTYPES = YES;
				CLANG_WARN_SUSPICIOUS_MOVE = YES;
				CLANG_WARN_UNGUARDED_AVAILABILITY = YES_AGGRESSIVE;
				CLANG_WARN_UNREACHABLE_CODE = YES;
				CLANG_WARN__DUPLICATE_METHOD_MATCH = YES;
				COPY_PHASE_STRIP = NO;
				DEBUG_INFORMATION_FORMAT = "dwarf-with-dsym";
				ENABLE_NS_ASSERTIONS = NO;
				ENABLE_STRICT_OBJC_MSGSEND = YES;
				GCC_C_LANGUAGE_STANDARD = gnu11;
				GCC_NO_COMMON_BLOCKS = YES;
				GCC_WARN_64_TO_32_BIT_CONVERSION = YES;
				GCC_WARN_ABOUT_RETURN_TYPE = YES_ERROR;
				GCC_WARN_UNDECLARED_SELECTOR = YES;
				GCC_WARN_UNINITIALIZED_AUTOS = YES_AGGRESSIVE;
				GCC_WARN_UNUSED_FUNCTION = YES;
				GCC_WARN_UNUSED_VARIABLE = YES;
				IPHONEOS_DEPLOYMENT_TARGET = 13.0;
				MTL_ENABLE_DEBUG_INFO = NO;
				MTL_FAST_MATH = YES;
				SDKROOT = iphoneos;
				SWIFT_COMPILATION_MODE = wholemodule;
				SWIFT_OPTIMIZATION_LEVEL = "-O";
				VALIDATE_PRODUCT = YES;
			};
			name = Release;
		};
		CB8550DD22B2492700380BF6 /* Debug */ = {
			isa = XCBuildConfiguration;
			buildSettings = {
				ASSETCATALOG_COMPILER_APPICON_NAME = AppIcon;
				CODE_SIGN_ENTITLEMENTS = AkvelonWeather/AkvelonWeather.entitlements;
				"CODE_SIGN_IDENTITY[sdk=macosx*]" = "-";
				CODE_SIGN_STYLE = Automatic;
				DERIVE_UIKITFORMAC_PRODUCT_BUNDLE_IDENTIFIER = YES;
				DEVELOPMENT_ASSET_PATHS = "AkvelonWeather/Preview\\ Content";
				DEVELOPMENT_TEAM = LTZP9J5F88;
				ENABLE_PREVIEWS = YES;
				INFOPLIST_FILE = AkvelonWeather/Info.plist;
				LD_RUNPATH_SEARCH_PATHS = (
					"$(inherited)",
					"@executable_path/Frameworks",
				);
				PRODUCT_BUNDLE_IDENTIFIER = com.akvelon.dev.AkvelonWeatherr;
				PRODUCT_NAME = "$(TARGET_NAME)";
				SUPPORTS_UIKITFORMAC = YES;
				SWIFT_VERSION = 5.0;
				TARGETED_DEVICE_FAMILY = "1,2";
			};
			name = Debug;
		};
		CB8550DE22B2492700380BF6 /* Release */ = {
			isa = XCBuildConfiguration;
			buildSettings = {
				ASSETCATALOG_COMPILER_APPICON_NAME = AppIcon;
				CODE_SIGN_ENTITLEMENTS = AkvelonWeather/AkvelonWeather.entitlements;
				"CODE_SIGN_IDENTITY[sdk=macosx*]" = "-";
				CODE_SIGN_STYLE = Automatic;
				DERIVE_UIKITFORMAC_PRODUCT_BUNDLE_IDENTIFIER = YES;
				DEVELOPMENT_ASSET_PATHS = "AkvelonWeather/Preview\\ Content";
				DEVELOPMENT_TEAM = LTZP9J5F88;
				ENABLE_PREVIEWS = YES;
				INFOPLIST_FILE = AkvelonWeather/Info.plist;
				LD_RUNPATH_SEARCH_PATHS = (
					"$(inherited)",
					"@executable_path/Frameworks",
				);
				PRODUCT_BUNDLE_IDENTIFIER = com.akvelon.dev.AkvelonWeatherr;
				PRODUCT_NAME = "$(TARGET_NAME)";
				SUPPORTS_UIKITFORMAC = YES;
				SWIFT_VERSION = 5.0;
				TARGETED_DEVICE_FAMILY = "1,2";
			};
			name = Release;
		};
/* End XCBuildConfiguration section */

/* Begin XCConfigurationList section */
		CB8550C322B2492500380BF6 /* Build configuration list for PBXProject "AkvelonWeather" */ = {
			isa = XCConfigurationList;
			buildConfigurations = (
				CB8550DA22B2492700380BF6 /* Debug */,
				CB8550DB22B2492700380BF6 /* Release */,
			);
			defaultConfigurationIsVisible = 0;
			defaultConfigurationName = Release;
		};
		CB8550DC22B2492700380BF6 /* Build configuration list for PBXNativeTarget "AkvelonWeather" */ = {
			isa = XCConfigurationList;
			buildConfigurations = (
				CB8550DD22B2492700380BF6 /* Debug */,
				CB8550DE22B2492700380BF6 /* Release */,
			);
			defaultConfigurationIsVisible = 0;
			defaultConfigurationName = Release;
		};
/* End XCConfigurationList section */
	};
	rootObject = CB8550C022B2492500380BF6 /* Project object */;
}
